
Microsoft Visual Studio Solution File, Format Version 12.00
# Visual Studio Version 17
VisualStudioVersion = 17.0.31903.59
MinimumVisualStudioVersion = 10.0.40219.1
Project("{FAE04EC0-301F-11D3-BF4B-00C04F79EFBC}") = "DOMAIN", "DOMAIN\DOMAIN.csproj", "{545D21A9-2B16-48A5-ADE5-52B98A6407BE}"
EndProject
Project("{FAE04EC0-301F-11D3-BF4B-00C04F79EFBC}") = "APPLICATION", "APPLICATION\APPLICATION.csproj", "{5D5E4EC1-7A42-4703-9B54-81300BB0B5A1}"
EndProject
Project("{FAE04EC0-301F-11D3-BF4B-00C04F79EFBC}") = "INFRASTRUCTURE", "INFRASTRUCTURE\INFRASTRUCTURE.csproj", "{66203C9B-FB75-43C0-8C1C-C98382FE29D0}"
EndProject
Project("{FAE04EC0-301F-11D3-BF4B-00C04F79EFBC}") = "API", "API\API.csproj", "{4CA9EFC5-D265-4D64-9769-5495E45CB76F}"
EndProject
Global
	GlobalSection(SolutionConfigurationPlatforms) = preSolution
		Debug|Any CPU = Debug|Any CPU
		Debug|x64 = Debug|x64
		Debug|x86 = Debug|x86
		Release|Any CPU = Release|Any CPU
		Release|x64 = Release|x64
		Release|x86 = Release|x86
	EndGlobalSection
	GlobalSection(ProjectConfigurationPlatforms) = postSolution
		{545D21A9-2B16-48A5-ADE5-52B98A6407BE}.Debug|Any CPU.ActiveCfg = Debug|Any CPU
		{545D21A9-2B16-48A5-ADE5-52B98A6407BE}.Debug|Any CPU.Build.0 = Debug|Any CPU
		{545D21A9-2B16-48A5-ADE5-52B98A6407BE}.Debug|x64.ActiveCfg = Debug|Any CPU
		{545D21A9-2B16-48A5-ADE5-52B98A6407BE}.Debug|x64.Build.0 = Debug|Any CPU
		{545D21A9-2B16-48A5-ADE5-52B98A6407BE}.Debug|x86.ActiveCfg = Debug|Any CPU
		{545D21A9-2B16-48A5-ADE5-52B98A6407BE}.Debug|x86.Build.0 = Debug|Any CPU
		{545D21A9-2B16-48A5-ADE5-52B98A6407BE}.Release|Any CPU.ActiveCfg = Release|Any CPU
		{545D21A9-2B16-48A5-ADE5-52B98A6407BE}.Release|Any CPU.Build.0 = Release|Any CPU
		{545D21A9-2B16-48A5-ADE5-52B98A6407BE}.Release|x64.ActiveCfg = Release|Any CPU
		{545D21A9-2B16-48A5-ADE5-52B98A6407BE}.Release|x64.Build.0 = Release|Any CPU
		{545D21A9-2B16-48A5-ADE5-52B98A6407BE}.Release|x86.ActiveCfg = Release|Any CPU
		{545D21A9-2B16-48A5-ADE5-52B98A6407BE}.Release|x86.Build.0 = Release|Any CPU
		{5D5E4EC1-7A42-4703-9B54-81300BB0B5A1}.Debug|Any CPU.ActiveCfg = Debug|Any CPU
		{5D5E4EC1-7A42-4703-9B54-81300BB0B5A1}.Debug|Any CPU.Build.0 = Debug|Any CPU
		{5D5E4EC1-7A42-4703-9B54-81300BB0B5A1}.Debug|x64.ActiveCfg = Debug|Any CPU
		{5D5E4EC1-7A42-4703-9B54-81300BB0B5A1}.Debug|x64.Build.0 = Debug|Any CPU
		{5D5E4EC1-7A42-4703-9B54-81300BB0B5A1}.Debug|x86.ActiveCfg = Debug|Any CPU
		{5D5E4EC1-7A42-4703-9B54-81300BB0B5A1}.Debug|x86.Build.0 = Debug|Any CPU
		{5D5E4EC1-7A42-4703-9B54-81300BB0B5A1}.Release|Any CPU.ActiveCfg = Release|Any CPU
		{5D5E4EC1-7A42-4703-9B54-81300BB0B5A1}.Release|Any CPU.Build.0 = Release|Any CPU
		{5D5E4EC1-7A42-4703-9B54-81300BB0B5A1}.Release|x64.ActiveCfg = Release|Any CPU
		{5D5E4EC1-7A42-4703-9B54-81300BB0B5A1}.Release|x64.Build.0 = Release|Any CPU
		{5D5E4EC1-7A42-4703-9B54-81300BB0B5A1}.Release|x86.ActiveCfg = Release|Any CPU
		{5D5E4EC1-7A42-4703-9B54-81300BB0B5A1}.Release|x86.Build.0 = Release|Any CPU
		{66203C9B-FB75-43C0-8C1C-C98382FE29D0}.Debug|Any CPU.ActiveCfg = Debug|Any CPU
		{66203C9B-FB75-43C0-8C1C-C98382FE29D0}.Debug|Any CPU.Build.0 = Debug|Any CPU
		{66203C9B-FB75-43C0-8C1C-C98382FE29D0}.Debug|x64.ActiveCfg = Debug|Any CPU
		{66203C9B-FB75-43C0-8C1C-C98382FE29D0}.Debug|x64.Build.0 = Debug|Any CPU
		{66203C9B-FB75-43C0-8C1C-C98382FE29D0}.Debug|x86.ActiveCfg = Debug|Any CPU
		{66203C9B-FB75-43C0-8C1C-C98382FE29D0}.Debug|x86.Build.0 = Debug|Any CPU
		{66203C9B-FB75-43C0-8C1C-C98382FE29D0}.Release|Any CPU.ActiveCfg = Release|Any CPU
		{66203C9B-FB75-43C0-8C1C-C98382FE29D0}.Release|Any CPU.Build.0 = Release|Any CPU
		{66203C9B-FB75-43C0-8C1C-C98382FE29D0}.Release|x64.ActiveCfg = Release|Any CPU
		{66203C9B-FB75-43C0-8C1C-C98382FE29D0}.Release|x64.Build.0 = Release|Any CPU
		{66203C9B-FB75-43C0-8C1C-C98382FE29D0}.Release|x86.ActiveCfg = Release|Any CPU
		{66203C9B-FB75-43C0-8C1C-C98382FE29D0}.Release|x86.Build.0 = Release|Any CPU
		{4CA9EFC5-D265-4D64-9769-5495E45CB76F}.Debug|Any CPU.ActiveCfg = Debug|Any CPU
		{4CA9EFC5-D265-4D64-9769-5495E45CB76F}.Debug|Any CPU.Build.0 = Debug|Any CPU
		{4CA9EFC5-D265-4D64-9769-5495E45CB76F}.Debug|x64.ActiveCfg = Debug|Any CPU
		{4CA9EFC5-D265-4D64-9769-5495E45CB76F}.Debug|x64.Build.0 = Debug|Any CPU
		{4CA9EFC5-D265-4D64-9769-5495E45CB76F}.Debug|x86.ActiveCfg = Debug|Any CPU
		{4CA9EFC5-D265-4D64-9769-5495E45CB76F}.Debug|x86.Build.0 = Debug|Any CPU
		{4CA9EFC5-D265-4D64-9769-5495E45CB76F}.Release|Any CPU.ActiveCfg = Release|Any CPU
		{4CA9EFC5-D265-4D64-9769-5495E45CB76F}.Release|Any CPU.Build.0 = Release|Any CPU
		{4CA9EFC5-D265-4D64-9769-5495E45CB76F}.Release|x64.ActiveCfg = Release|Any CPU
		{4CA9EFC5-D265-4D64-9769-5495E45CB76F}.Release|x64.Build.0 = Release|Any CPU
		{4CA9EFC5-D265-4D64-9769-5495E45CB76F}.Release|x86.ActiveCfg = Release|Any CPU
		{4CA9EFC5-D265-4D64-9769-5495E45CB76F}.Release|x86.Build.0 = Release|Any CPU
	EndGlobalSection
	GlobalSection(SolutionProperties) = preSolution
		HideSolutionNode = FALSE
	EndGlobalSection
EndGlobal
